# This file is automatically @generated by Cargo.
# It is not intended for manual editing.
version = 4

[[package]]
name = "evolution-loop"
version = "0.306.148"
dependencies = [
 "norion-core",
 "norion-eval",
]

[[package]]
name = "norion-core"
version = "0.306.148"

[[package]]
name = "norion-eval"
version = "0.306.148"
dependencies = [
 "norion-test",
]

[[package]]
name = "norion-test"
version = "0.306.148"
